{
  "name": "retrynaut",
  "version": "0.1.1",
  "lockfileVersion": 3,
  "requires": true,
  "packages": {
    "": {
      "name": "retrynaut",
      "version": "0.1.1",
      "license": "MIT",
      "bin": {
        "retrynaut": "bin/retrynaut.js"
      },
      "engines": {
        "node": ">=22"
      }
    }
  }
}
